// !$*UTF8*$!
{
	archiveVersion = 1;
	classes = {
	};
	objectVersion = 56;
	objects = {

/* Begin PBXBuildFile section */
		333A540F2A40036200825F66 /* UserPresenter.swift in Sources */ = {isa = PBXBuildFile; fileRef = 333A540E2A40036200825F66 /* UserPresenter.swift */; };
		333A54112A4043D600825F66 /* PostPresenter.swift in Sources */ = {isa = PBXBuildFile; fileRef = 333A54102A4043D600825F66 /* PostPresenter.swift */; };
		333A54132A4047E800825F66 /* AlbumPresenter.swift in Sources */ = {isa = PBXBuildFile; fileRef = 333A54122A4047E800825F66 /* AlbumPresenter.swift */; };
		333A54152A404ACF00825F66 /* CommonPresenter.swift in Sources */ = {isa = PBXBuildFile; fileRef = 333A54142A404ACF00825F66 /* CommonPresenter.swift */; };
		333A54172A404BFA00825F66 /* AlbumDetailPresenter.swift in Sources */ = {isa = PBXBuildFile; fileRef = 333A54162A404BFA00825F66 /* AlbumDetailPresenter.swift */; };
		333A54192A40504E00825F66 /* CommentsPresenter.swift in Sources */ = {isa = PBXBuildFile; fileRef = 333A54182A40504E00825F66 /* CommentsPresenter.swift */; };
		334827312A36CB7B002E7874 /* UserTableViewCell.swift in Sources */ = {isa = PBXBuildFile; fileRef = 3348272F2A36CB7B002E7874 /* UserTableViewCell.swift */; };
		334827322A36CB7B002E7874 /* UserTableViewCell.xib in Resources */ = {isa = PBXBuildFile; fileRef = 334827302A36CB7B002E7874 /* UserTableViewCell.xib */; };
		334827352A36D3F2002E7874 /* AlbumsViewController.swift in Sources */ = {isa = PBXBuildFile; fileRef = 334827342A36D3F2002E7874 /* AlbumsViewController.swift */; };
		334827372A36D400002E7874 /* PostViewController.swift in Sources */ = {isa = PBXBuildFile; fileRef = 334827362A36D400002E7874 /* PostViewController.swift */; };
		334827412A36D60C002E7874 /* TabbarViewController.swift in Sources */ = {isa = PBXBuildFile; fileRef = 334827402A36D60C002E7874 /* TabbarViewController.swift */; };
		334827432A370931002E7874 /* AlbumsModel.swift in Sources */ = {isa = PBXBuildFile; fileRef = 334827422A370931002E7874 /* AlbumsModel.swift */; };
		334827482A371D09002E7874 /* AlbumDetailCell.swift in Sources */ = {isa = PBXBuildFile; fileRef = 334827462A371D09002E7874 /* AlbumDetailCell.swift */; };
		334827492A371D09002E7874 /* AlbumDetailCell.xib in Resources */ = {isa = PBXBuildFile; fileRef = 334827472A371D09002E7874 /* AlbumDetailCell.xib */; };
		334827502A37272F002E7874 /* AlbumDetail.swift in Sources */ = {isa = PBXBuildFile; fileRef = 3348274E2A37272F002E7874 /* AlbumDetail.swift */; };
		334827512A37272F002E7874 /* AlbumDetail.xib in Resources */ = {isa = PBXBuildFile; fileRef = 3348274F2A37272F002E7874 /* AlbumDetail.xib */; };
		336ACC852A36210500C4B270 /* AppDelegate.swift in Sources */ = {isa = PBXBuildFile; fileRef = 336ACC842A36210500C4B270 /* AppDelegate.swift */; };
		336ACC872A36210500C4B270 /* SceneDelegate.swift in Sources */ = {isa = PBXBuildFile; fileRef = 336ACC862A36210500C4B270 /* SceneDelegate.swift */; };
		336ACC892A36210500C4B270 /* ViewController.swift in Sources */ = {isa = PBXBuildFile; fileRef = 336ACC882A36210500C4B270 /* ViewController.swift */; };
		336ACC8C2A36210500C4B270 /* Main.storyboard in Resources */ = {isa = PBXBuildFile; fileRef = 336ACC8A2A36210500C4B270 /* Main.storyboard */; };
		336ACC8E2A36210500C4B270 /* Assets.xcassets in Resources */ = {isa = PBXBuildFile; fileRef = 336ACC8D2A36210500C4B270 /* Assets.xcassets */; };
		336ACC912A36210500C4B270 /* LaunchScreen.storyboard in Resources */ = {isa = PBXBuildFile; fileRef = 336ACC8F2A36210500C4B270 /* LaunchScreen.storyboard */; };
		336ACC9C2A36210600C4B270 /* UserAppTests.swift in Sources */ = {isa = PBXBuildFile; fileRef = 336ACC9B2A36210600C4B270 /* UserAppTests.swift */; };
		336ACCA62A36210600C4B270 /* UserAppUITests.swift in Sources */ = {isa = PBXBuildFile; fileRef = 336ACCA52A36210600C4B270 /* UserAppUITests.swift */; };
		336ACCA82A36210600C4B270 /* UserAppUITestsLaunchTests.swift in Sources */ = {isa = PBXBuildFile; fileRef = 336ACCA72A36210600C4B270 /* UserAppUITestsLaunchTests.swift */; };
		3396493F2A36339D004CD28D /* UserModel.swift in Sources */ = {isa = PBXBuildFile; fileRef = 3396493E2A36339D004CD28D /* UserModel.swift */; };
		3399D70B2A39A40F00F5DF30 /* Networking.swift in Sources */ = {isa = PBXBuildFile; fileRef = 3399D70A2A39A40F00F5DF30 /* Networking.swift */; };
		33E6335E2A381DF000408476 /* PostModel.swift in Sources */ = {isa = PBXBuildFile; fileRef = 33E6335D2A381DF000408476 /* PostModel.swift */; };
		33E633612A38209E00408476 /* PostTableViewCell.swift in Sources */ = {isa = PBXBuildFile; fileRef = 33E6335F2A38209E00408476 /* PostTableViewCell.swift */; };
		33E633622A38209E00408476 /* PostTableViewCell.xib in Resources */ = {isa = PBXBuildFile; fileRef = 33E633602A38209E00408476 /* PostTableViewCell.xib */; };
		33E633652A384F4B00408476 /* CommentsViewController.swift in Sources */ = {isa = PBXBuildFile; fileRef = 33E633632A384F4B00408476 /* CommentsViewController.swift */; };
		33E633662A384F4B00408476 /* CommentsViewController.xib in Resources */ = {isa = PBXBuildFile; fileRef = 33E633642A384F4B00408476 /* CommentsViewController.xib */; };
		33E633682A38505700408476 /* CommentModel.swift in Sources */ = {isa = PBXBuildFile; fileRef = 33E633672A38505700408476 /* CommentModel.swift */; };
		33E6336D2A38536500408476 /* CommentTableViewCell.swift in Sources */ = {isa = PBXBuildFile; fileRef = 33E6336B2A38536500408476 /* CommentTableViewCell.swift */; };
		33E6336E2A38536500408476 /* CommentTableViewCell.xib in Resources */ = {isa = PBXBuildFile; fileRef = 33E6336C2A38536500408476 /* CommentTableViewCell.xib */; };
		47ECD087C576E78F322E6F4E /* libPods-UserApp.a in Frameworks */ = {isa = PBXBuildFile; fileRef = AFDE224C494109906FB75D96 /* libPods-UserApp.a */; };
		79E93FC7194F9D6F0142BC8A /* libPods-UserAppTests.a in Frameworks */ = {isa = PBXBuildFile; fileRef = 72C1CA03C5CA4C0F5F5F0369 /* libPods-UserAppTests.a */; };
/* End PBXBuildFile section */

/* Begin PBXContainerItemProxy section */
		336ACC982A36210600C4B270 /* PBXContainerItemProxy */ = {
			isa = PBXContainerItemProxy;
			containerPortal = 336ACC792A36210500C4B270 /* Project object */;
			proxyType = 1;
			remoteGlobalIDString = 336ACC802A36210500C4B270;
			remoteInfo = UserApp;
		};
		336ACCA22A36210600C4B270 /* PBXContainerItemProxy */ = {
			isa = PBXContainerItemProxy;
			containerPortal = 336ACC792A36210500C4B270 /* Project object */;
			proxyType = 1;
			remoteGlobalIDString = 336ACC802A36210500C4B270;
			remoteInfo = UserApp;
		};
/* End PBXContainerItemProxy section */

/* Begin PBXFileReference section */
		333A540E2A40036200825F66 /* UserPresenter.swift */ = {isa = PBXFileReference; lastKnownFileType = sourcecode.swift; path = UserPresenter.swift; sourceTree = "<group>"; };
		333A54102A4043D600825F66 /* PostPresenter.swift */ = {isa = PBXFileReference; lastKnownFileType = sourcecode.swift; path = PostPresenter.swift; sourceTree = "<group>"; };
		333A54122A4047E800825F66 /* AlbumPresenter.swift */ = {isa = PBXFileReference; lastKnownFileType = sourcecode.swift; path = AlbumPresenter.swift; sourceTree = "<group>"; };
		333A54142A404ACF00825F66 /* CommonPresenter.swift */ = {isa = PBXFileReference; lastKnownFileType = sourcecode.swift; path = CommonPresenter.swift; sourceTree = "<group>"; };
		333A54162A404BFA00825F66 /* AlbumDetailPresenter.swift */ = {isa = PBXFileReference; lastKnownFileType = sourcecode.swift; path = AlbumDetailPresenter.swift; sourceTree = "<group>"; };
		333A54182A40504E00825F66 /* CommentsPresenter.swift */ = {isa = PBXFileReference; lastKnownFileType = sourcecode.swift; path = CommentsPresenter.swift; sourceTree = "<group>"; };
		3348272F2A36CB7B002E7874 /* UserTableViewCell.swift */ = {isa = PBXFileReference; lastKnownFileType = sourcecode.swift; path = UserTableViewCell.swift; sourceTree = "<group>"; };
		334827302A36CB7B002E7874 /* UserTableViewCell.xib */ = {isa = PBXFileReference; lastKnownFileType = file.xib; path = UserTableViewCell.xib; sourceTree = "<group>"; };
		334827342A36D3F2002E7874 /* AlbumsViewController.swift */ = {isa = PBXFileReference; lastKnownFileType = sourcecode.swift; path = AlbumsViewController.swift; sourceTree = "<group>"; };
		334827362A36D400002E7874 /* PostViewController.swift */ = {isa = PBXFileReference; lastKnownFileType = sourcecode.swift; path = PostViewController.swift; sourceTree = "<group>"; };
		334827402A36D60C002E7874 /* TabbarViewController.swift */ = {isa = PBXFileReference; lastKnownFileType = sourcecode.swift; path = TabbarViewController.swift; sourceTree = "<group>"; };
		334827422A370931002E7874 /* AlbumsModel.swift */ = {isa = PBXFileReference; lastKnownFileType = sourcecode.swift; path = AlbumsModel.swift; sourceTree = "<group>"; };
		334827462A371D09002E7874 /* AlbumDetailCell.swift */ = {isa = PBXFileReference; lastKnownFileType = sourcecode.swift; path = AlbumDetailCell.swift; sourceTree = "<group>"; };
		334827472A371D09002E7874 /* AlbumDetailCell.xib */ = {isa = PBXFileReference; lastKnownFileType = file.xib; path = AlbumDetailCell.xib; sourceTree = "<group>"; };
		3348274E2A37272F002E7874 /* AlbumDetail.swift */ = {isa = PBXFileReference; lastKnownFileType = sourcecode.swift; path = AlbumDetail.swift; sourceTree = "<group>"; };
		3348274F2A37272F002E7874 /* AlbumDetail.xib */ = {isa = PBXFileReference; lastKnownFileType = file.xib; path = AlbumDetail.xib; sourceTree = "<group>"; };
		336ACC812A36210500C4B270 /* UserApp.app */ = {isa = PBXFileReference; explicitFileType = wrapper.application; includeInIndex = 0; path = UserApp.app; sourceTree = BUILT_PRODUCTS_DIR; };
		336ACC842A36210500C4B270 /* AppDelegate.swift */ = {isa = PBXFileReference; lastKnownFileType = sourcecode.swift; path = AppDelegate.swift; sourceTree = "<group>"; };
		336ACC862A36210500C4B270 /* SceneDelegate.swift */ = {isa = PBXFileReference; lastKnownFileType = sourcecode.swift; path = SceneDelegate.swift; sourceTree = "<group>"; };
		336ACC882A36210500C4B270 /* ViewController.swift */ = {isa = PBXFileReference; lastKnownFileType = sourcecode.swift; path = ViewController.swift; sourceTree = "<group>"; };
		336ACC8B2A36210500C4B270 /* Base */ = {isa = PBXFileReference; lastKnownFileType = file.storyboard; name = Base; path = Base.lproj/Main.storyboard; sourceTree = "<group>"; };
		336ACC8D2A36210500C4B270 /* Assets.xcassets */ = {isa = PBXFileReference; lastKnownFileType = folder.assetcatalog; path = Assets.xcassets; sourceTree = "<group>"; };
		336ACC902A36210500C4B270 /* Base */ = {isa = PBXFileReference; lastKnownFileType = file.storyboard; name = Base; path = Base.lproj/LaunchScreen.storyboard; sourceTree = "<group>"; };
		336ACC922A36210500C4B270 /* Info.plist */ = {isa = PBXFileReference; lastKnownFileType = text.plist.xml; path = Info.plist; sourceTree = "<group>"; };
		336ACC972A36210600C4B270 /* UserAppTests.xctest */ = {isa = PBXFileReference; explicitFileType = wrapper.cfbundle; includeInIndex = 0; path = UserAppTests.xctest; sourceTree = BUILT_PRODUCTS_DIR; };
		336ACC9B2A36210600C4B270 /* UserAppTests.swift */ = {isa = PBXFileReference; lastKnownFileType = sourcecode.swift; path = UserAppTests.swift; sourceTree = "<group>"; };
		336ACCA12A36210600C4B270 /* UserAppUITests.xctest */ = {isa = PBXFileReference; explicitFileType = wrapper.cfbundle; includeInIndex = 0; path = UserAppUITests.xctest; sourceTree = BUILT_PRODUCTS_DIR; };
		336ACCA52A36210600C4B270 /* UserAppUITests.swift */ = {isa = PBXFileReference; lastKnownFileType = sourcecode.swift; path = UserAppUITests.swift; sourceTree = "<group>"; };
		336ACCA72A36210600C4B270 /* UserAppUITestsLaunchTests.swift */ = {isa = PBXFileReference; lastKnownFileType = sourcecode.swift; path = UserAppUITestsLaunchTests.swift; sourceTree = "<group>"; };
		3396493E2A36339D004CD28D /* UserModel.swift */ = {isa = PBXFileReference; lastKnownFileType = sourcecode.swift; path = UserModel.swift; sourceTree = "<group>"; };
		3399D70A2A39A40F00F5DF30 /* Networking.swift */ = {isa = PBXFileReference; lastKnownFileType = sourcecode.swift; path = Networking.swift; sourceTree = "<group>"; };
		33E6335D2A381DF000408476 /* PostModel.swift */ = {isa = PBXFileReference; lastKnownFileType = sourcecode.swift; path = PostModel.swift; sourceTree = "<group>"; };
		33E6335F2A38209E00408476 /* PostTableViewCell.swift */ = {isa = PBXFileReference; lastKnownFileType = sourcecode.swift; path = PostTableViewCell.swift; sourceTree = "<group>"; };
		33E633602A38209E00408476 /* PostTableViewCell.xib */ = {isa = PBXFileReference; lastKnownFileType = file.xib; path = PostTableViewCell.xib; sourceTree = "<group>"; };
		33E633632A384F4B00408476 /* CommentsViewController.swift */ = {isa = PBXFileReference; lastKnownFileType = sourcecode.swift; path = CommentsViewController.swift; sourceTree = "<group>"; };
		33E633642A384F4B00408476 /* CommentsViewController.xib */ = {isa = PBXFileReference; lastKnownFileType = file.xib; path = CommentsViewController.xib; sourceTree = "<group>"; };
		33E633672A38505700408476 /* CommentModel.swift */ = {isa = PBXFileReference; lastKnownFileType = sourcecode.swift; path = CommentModel.swift; sourceTree = "<group>"; };
		33E6336B2A38536500408476 /* CommentTableViewCell.swift */ = {isa = PBXFileReference; lastKnownFileType = sourcecode.swift; path = CommentTableViewCell.swift; sourceTree = "<group>"; };
		33E6336C2A38536500408476 /* CommentTableViewCell.xib */ = {isa = PBXFileReference; lastKnownFileType = file.xib; path = CommentTableViewCell.xib; sourceTree = "<group>"; };
		5D6D10F151E376973903A604 /* Pods-UserAppTests.debug.xcconfig */ = {isa = PBXFileReference; includeInIndex = 1; lastKnownFileType = text.xcconfig; name = "Pods-UserAppTests.debug.xcconfig"; path = "Target Support Files/Pods-UserAppTests/Pods-UserAppTests.debug.xcconfig"; sourceTree = "<group>"; };
		701B113EE93108254FEACD03 /* Pods-UserApp.release.xcconfig */ = {isa = PBXFileReference; includeInIndex = 1; lastKnownFileType = text.xcconfig; name = "Pods-UserApp.release.xcconfig"; path = "Target Support Files/Pods-UserApp/Pods-UserApp.release.xcconfig"; sourceTree = "<group>"; };
		7101297AE4E1D936EF7EF909 /* Pods-UserApp.debug.xcconfig */ = {isa = PBXFileReference; includeInIndex = 1; lastKnownFileType = text.xcconfig; name = "Pods-UserApp.debug.xcconfig"; path = "Target Support Files/Pods-UserApp/Pods-UserApp.debug.xcconfig"; sourceTree = "<group>"; };
		72C1CA03C5CA4C0F5F5F0369 /* libPods-UserAppTests.a */ = {isa = PBXFileReference; explicitFileType = archive.ar; includeInIndex = 0; path = "libPods-UserAppTests.a"; sourceTree = BUILT_PRODUCTS_DIR; };
		AFDE224C494109906FB75D96 /* libPods-UserApp.a */ = {isa = PBXFileReference; explicitFileType = archive.ar; includeInIndex = 0; path = "libPods-UserApp.a"; sourceTree = BUILT_PRODUCTS_DIR; };
		F753060523C9AED03C840726 /* Pods-UserAppTests.release.xcconfig */ = {isa = PBXFileReference; includeInIndex = 1; lastKnownFileType = text.xcconfig; name = "Pods-UserAppTests.release.xcconfig"; path = "Target Support Files/Pods-UserAppTests/Pods-UserAppTests.release.xcconfig"; sourceTree = "<group>"; };
/* End PBXFileReference section */

/* Begin PBXFrameworksBuildPhase section */
		336ACC7E2A36210500C4B270 /* Frameworks */ = {
			isa = PBXFrameworksBuildPhase;
			buildActionMask = 2147483647;
			files = (
				47ECD087C576E78F322E6F4E /* libPods-UserApp.a in Frameworks */,
			);
			runOnlyForDeploymentPostprocessing = 0;
		};
		336ACC942A36210600C4B270 /* Frameworks */ = {
			isa = PBXFrameworksBuildPhase;
			buildActionMask = 2147483647;
			files = (
				79E93FC7194F9D6F0142BC8A /* libPods-UserAppTests.a in Frameworks */,
			);
			runOnlyForDeploymentPostprocessing = 0;
		};
		336ACC9E2A36210600C4B270 /* Frameworks */ = {
			isa = PBXFrameworksBuildPhase;
			buildActionMask = 2147483647;
			files = (
			);
			runOnlyForDeploymentPostprocessing = 0;
		};
/* End PBXFrameworksBuildPhase section */

/* Begin PBXGroup section */
		0CA7D75DDB7BC1C1E31AF369 /* Pods */ = {
			isa = PBXGroup;
			children = (
				7101297AE4E1D936EF7EF909 /* Pods-UserApp.debug.xcconfig */,
				701B113EE93108254FEACD03 /* Pods-UserApp.release.xcconfig */,
				5D6D10F151E376973903A604 /* Pods-UserAppTests.debug.xcconfig */,
				F753060523C9AED03C840726 /* Pods-UserAppTests.release.xcconfig */,
			);
			path = Pods;
			sourceTree = "<group>";
		};
		333A540A2A40004600825F66 /* views */ = {
			isa = PBXGroup;
			children = (
				336ACC882A36210500C4B270 /* ViewController.swift */,
				336ACC8A2A36210500C4B270 /* Main.storyboard */,
				3348272F2A36CB7B002E7874 /* UserTableViewCell.swift */,
				334827302A36CB7B002E7874 /* UserTableViewCell.xib */,
				334827332A36D3A1002E7874 /* TabbarView */,
				33E633692A3852A400408476 /* comments */,
				33E6336A2A3852B800408476 /* Albums */,
			);
			path = views;
			sourceTree = "<group>";
		};
		333A540C2A4000DE00825F66 /* Presenter */ = {
			isa = PBXGroup;
			children = (
				333A540E2A40036200825F66 /* UserPresenter.swift */,
				333A54102A4043D600825F66 /* PostPresenter.swift */,
				333A54122A4047E800825F66 /* AlbumPresenter.swift */,
				333A54142A404ACF00825F66 /* CommonPresenter.swift */,
				333A54162A404BFA00825F66 /* AlbumDetailPresenter.swift */,
				333A54182A40504E00825F66 /* CommentsPresenter.swift */,
			);
			path = Presenter;
			sourceTree = "<group>";
		};
		333A540D2A40010800825F66 /* Service */ = {
			isa = PBXGroup;
			children = (
			);
			path = Service;
			sourceTree = "<group>";
		};
		334827332A36D3A1002E7874 /* TabbarView */ = {
			isa = PBXGroup;
			children = (
				33E6335F2A38209E00408476 /* PostTableViewCell.swift */,
				33E633602A38209E00408476 /* PostTableViewCell.xib */,
				334827342A36D3F2002E7874 /* AlbumsViewController.swift */,
				334827362A36D400002E7874 /* PostViewController.swift */,
				334827402A36D60C002E7874 /* TabbarViewController.swift */,
			);
			path = TabbarView;
			sourceTree = "<group>";
		};
		336ACC782A36210500C4B270 = {
			isa = PBXGroup;
			children = (
				336ACC832A36210500C4B270 /* UserApp */,
				336ACC9A2A36210600C4B270 /* UserAppTests */,
				336ACCA42A36210600C4B270 /* UserAppUITests */,
				336ACC822A36210500C4B270 /* Products */,
				0CA7D75DDB7BC1C1E31AF369 /* Pods */,
				595F0E3216E9FAAFFF039033 /* Frameworks */,
			);
			sourceTree = "<group>";
		};
		336ACC822A36210500C4B270 /* Products */ = {
			isa = PBXGroup;
			children = (
				336ACC812A36210500C4B270 /* UserApp.app */,
				336ACC972A36210600C4B270 /* UserAppTests.xctest */,
				336ACCA12A36210600C4B270 /* UserAppUITests.xctest */,
			);
			name = Products;
			sourceTree = "<group>";
		};
		336ACC832A36210500C4B270 /* UserApp */ = {
			isa = PBXGroup;
			children = (
				333A540D2A40010800825F66 /* Service */,
				333A540C2A4000DE00825F66 /* Presenter */,
				333A540A2A40004600825F66 /* views */,
				3396493B2A363366004CD28D /* Model */,
				336ACC842A36210500C4B270 /* AppDelegate.swift */,
				336ACC862A36210500C4B270 /* SceneDelegate.swift */,
				336ACC8D2A36210500C4B270 /* Assets.xcassets */,
				336ACC8F2A36210500C4B270 /* LaunchScreen.storyboard */,
				336ACC922A36210500C4B270 /* Info.plist */,
			);
			path = UserApp;
			sourceTree = "<group>";
		};
		336ACC9A2A36210600C4B270 /* UserAppTests */ = {
			isa = PBXGroup;
			children = (
				336ACC9B2A36210600C4B270 /* UserAppTests.swift */,
			);
			path = UserAppTests;
			sourceTree = "<group>";
		};
		336ACCA42A36210600C4B270 /* UserAppUITests */ = {
			isa = PBXGroup;
			children = (
				336ACCA52A36210600C4B270 /* UserAppUITests.swift */,
				336ACCA72A36210600C4B270 /* UserAppUITestsLaunchTests.swift */,
			);
			path = UserAppUITests;
			sourceTree = "<group>";
		};
		3396493B2A363366004CD28D /* Model */ = {
			isa = PBXGroup;
			children = (
				3396493E2A36339D004CD28D /* UserModel.swift */,
				334827422A370931002E7874 /* AlbumsModel.swift */,
				33E6335D2A381DF000408476 /* PostModel.swift */,
				33E633672A38505700408476 /* CommentModel.swift */,
				3399D70A2A39A40F00F5DF30 /* Networking.swift */,
			);
			path = Model;
			sourceTree = "<group>";
		};
		33E633692A3852A400408476 /* comments */ = {
			isa = PBXGroup;
			children = (
				33E633632A384F4B00408476 /* CommentsViewController.swift */,
				33E633642A384F4B00408476 /* CommentsViewController.xib */,
				33E6336B2A38536500408476 /* CommentTableViewCell.swift */,
				33E6336C2A38536500408476 /* CommentTableViewCell.xib */,
			);
			path = comments;
			sourceTree = "<group>";
		};
		33E6336A2A3852B800408476 /* Albums */ = {
			isa = PBXGroup;
			children = (
				334827462A371D09002E7874 /* AlbumDetailCell.swift */,
				334827472A371D09002E7874 /* AlbumDetailCell.xib */,
				3348274E2A37272F002E7874 /* AlbumDetail.swift */,
				3348274F2A37272F002E7874 /* AlbumDetail.xib */,
			);
			path = Albums;
			sourceTree = "<group>";
		};
		595F0E3216E9FAAFFF039033 /* Frameworks */ = {
			isa = PBXGroup;
			children = (
				AFDE224C494109906FB75D96 /* libPods-UserApp.a */,
				72C1CA03C5CA4C0F5F5F0369 /* libPods-UserAppTests.a */,
			);
			name = Frameworks;
			sourceTree = "<group>";
		};
/* End PBXGroup section */

/* Begin PBXNativeTarget section */
		336ACC802A36210500C4B270 /* UserApp */ = {
			isa = PBXNativeTarget;
			buildConfigurationList = 336ACCAB2A36210600C4B270 /* Build configuration list for PBXNativeTarget "UserApp" */;
			buildPhases = (
				FE2CF344EA2822FF5D1647CE /* [CP] Check Pods Manifest.lock */,
				336ACC7D2A36210500C4B270 /* Sources */,
				336ACC7E2A36210500C4B270 /* Frameworks */,
				336ACC7F2A36210500C4B270 /* Resources */,
			);
			buildRules = (
			);
			dependencies = (
			);
			name = UserApp;
			productName = UserApp;
			productReference = 336ACC812A36210500C4B270 /* UserApp.app */;
			productType = "com.apple.product-type.application";
		};
		336ACC962A36210600C4B270 /* UserAppTests */ = {
			isa = PBXNativeTarget;
			buildConfigurationList = 336ACCAE2A36210600C4B270 /* Build configuration list for PBXNativeTarget "UserAppTests" */;
			buildPhases = (
				0E9A7489DD9A47D7D6486852 /* [CP] Check Pods Manifest.lock */,
				336ACC932A36210600C4B270 /* Sources */,
				336ACC942A36210600C4B270 /* Frameworks */,
				336ACC952A36210600C4B270 /* Resources */,
			);
			buildRules = (
			);
			dependencies = (
				336ACC992A36210600C4B270 /* PBXTargetDependency */,
			);
			name = UserAppTests;
			productName = UserAppTests;
			productReference = 336ACC972A36210600C4B270 /* UserAppTests.xctest */;
			productType = "com.apple.product-type.bundle.unit-test";
		};
		336ACCA02A36210600C4B270 /* UserAppUITests */ = {
			isa = PBXNativeTarget;
			buildConfigurationList = 336ACCB12A36210600C4B270 /* Build configuration list for PBXNativeTarget "UserAppUITests" */;
			buildPhases = (
				336ACC9D2A36210600C4B270 /* Sources */,
				336ACC9E2A36210600C4B270 /* Frameworks */,
				336ACC9F2A36210600C4B270 /* Resources */,
			);
			buildRules = (
			);
			dependencies = (
				336ACCA32A36210600C4B270 /* PBXTargetDependency */,
			);
			name = UserAppUITests;
			productName = UserAppUITests;
			productReference = 336ACCA12A36210600C4B270 /* UserAppUITests.xctest */;
			productType = "com.apple.product-type.bundle.ui-testing";
		};
/* End PBXNativeTarget section */

/* Begin PBXProject section */
		336ACC792A36210500C4B270 /* Project object */ = {
			isa = PBXProject;
			attributes = {
				BuildIndependentTargetsInParallel = 1;
				LastSwiftUpdateCheck = 1430;
				LastUpgradeCheck = 1430;
				TargetAttributes = {
					336ACC802A36210500C4B270 = {
						CreatedOnToolsVersion = 14.3.1;
					};
					336ACC962A36210600C4B270 = {
						CreatedOnToolsVersion = 14.3.1;
						TestTargetID = 336ACC802A36210500C4B270;
					};
					336ACCA02A36210600C4B270 = {
						CreatedOnToolsVersion = 14.3.1;
						TestTargetID = 336ACC802A36210500C4B270;
					};
				};
			};
			buildConfigurationList = 336ACC7C2A36210500C4B270 /* Build configuration list for PBXProject "UserApp" */;
			compatibilityVersion = "Xcode 14.0";
			developmentRegion = en;
			hasScannedForEncodings = 0;
			knownRegions = (
				en,
				Base,
			);
			mainGroup = 336ACC782A36210500C4B270;
			productRefGroup = 336ACC822A36210500C4B270 /* Products */;
			projectDirPath = "";
			projectRoot = "";
			targets = (
				336ACC802A36210500C4B270 /* UserApp */,
				336ACC962A36210600C4B270 /* UserAppTests */,
				336ACCA02A36210600C4B270 /* UserAppUITests */,
			);
		};
/* End PBXProject section */

/* Begin PBXResourcesBuildPhase section */
		336ACC7F2A36210500C4B270 /* Resources */ = {
			isa = PBXResourcesBuildPhase;
			buildActionMask = 2147483647;
			files = (
				33E633662A384F4B00408476 /* CommentsViewController.xib in Resources */,
				334827512A37272F002E7874 /* AlbumDetail.xib in Resources */,
				334827322A36CB7B002E7874 /* UserTableViewCell.xib in Resources */,
				336ACC912A36210500C4B270 /* LaunchScreen.storyboard in Resources */,
				336ACC8E2A36210500C4B270 /* Assets.xcassets in Resources */,
				33E633622A38209E00408476 /* PostTableViewCell.xib in Resources */,
				336ACC8C2A36210500C4B270 /* Main.storyboard in Resources */,
				33E6336E2A38536500408476 /* CommentTableViewCell.xib in Resources */,
				334827492A371D09002E7874 /* AlbumDetailCell.xib in Resources */,
			);
			runOnlyForDeploymentPostprocessing = 0;
		};
		336ACC952A36210600C4B270 /* Resources */ = {
			isa = PBXResourcesBuildPhase;
			buildActionMask = 2147483647;
			files = (
			);
			runOnlyForDeploymentPostprocessing = 0;
		};
		336ACC9F2A36210600C4B270 /* Resources */ = {
			isa = PBXResourcesBuildPhase;
			buildActionMask = 2147483647;
			files = (
			);
			runOnlyForDeploymentPostprocessing = 0;
		};
/* End PBXResourcesBuildPhase section */

/* Begin PBXShellScriptBuildPhase section */
		0E9A7489DD9A47D7D6486852 /* [CP] Check Pods Manifest.lock */ = {
			isa = PBXShellScriptBuildPhase;
			buildActionMask = 2147483647;
			files = (
			);
			inputFileListPaths = (
			);
			inputPaths = (
				"${PODS_PODFILE_DIR_PATH}/Podfile.lock",
				"${PODS_ROOT}/Manifest.lock",
			);
			name = "[CP] Check Pods Manifest.lock";
			outputFileListPaths = (
			);
			outputPaths = (
				"$(DERIVED_FILE_DIR)/Pods-UserAppTests-checkManifestLockResult.txt",
			);
			runOnlyForDeploymentPostprocessing = 0;
			shellPath = /bin/sh;
			shellScript = "diff \"${PODS_PODFILE_DIR_PATH}/Podfile.lock\" \"${PODS_ROOT}/Manifest.lock\" > /dev/null\nif [ $? != 0 ] ; then\n    # print error to STDERR\n    echo \"error: The sandbox is not in sync with the Podfile.lock. Run 'pod install' or update your CocoaPods installation.\" >&2\n    exit 1\nfi\n# This output is used by Xcode 'outputs' to avoid re-running this script phase.\necho \"SUCCESS\" > \"${SCRIPT_OUTPUT_FILE_0}\"\n";
			showEnvVarsInLog = 0;
		};
		FE2CF344EA2822FF5D1647CE /* [CP] Check Pods Manifest.lock */ = {
			isa = PBXShellScriptBuildPhase;
			buildActionMask = 2147483647;
			files = (
			);
			inputFileListPaths = (
			);
			inputPaths = (
				"${PODS_PODFILE_DIR_PATH}/Podfile.lock",
				"${PODS_ROOT}/Manifest.lock",
			);
			name = "[CP] Check Pods Manifest.lock";
			outputFileListPaths = (
			);
			outputPaths = (
				"$(DERIVED_FILE_DIR)/Pods-UserApp-checkManifestLockResult.txt",
			);
			runOnlyForDeploymentPostprocessing = 0;
			shellPath = /bin/sh;
			shellScript = "diff \"${PODS_PODFILE_DIR_PATH}/Podfile.lock\" \"${PODS_ROOT}/Manifest.lock\" > /dev/null\nif [ $? != 0 ] ; then\n    # print error to STDERR\n    echo \"error: The sandbox is not in sync with the Podfile.lock. Run 'pod install' or update your CocoaPods installation.\" >&2\n    exit 1\nfi\n# This output is used by Xcode 'outputs' to avoid re-running this script phase.\necho \"SUCCESS\" > \"${SCRIPT_OUTPUT_FILE_0}\"\n";
			showEnvVarsInLog = 0;
		};
/* End PBXShellScriptBuildPhase section */

/* Begin PBXSourcesBuildPhase section */
		336ACC7D2A36210500C4B270 /* Sources */ = {
			isa = PBXSourcesBuildPhase;
			buildActionMask = 2147483647;
			files = (
				334827502A37272F002E7874 /* AlbumDetail.swift in Sources */,
				3399D70B2A39A40F00F5DF30 /* Networking.swift in Sources */,
				33E633682A38505700408476 /* CommentModel.swift in Sources */,
				334827372A36D400002E7874 /* PostViewController.swift in Sources */,
				333A540F2A40036200825F66 /* UserPresenter.swift in Sources */,
				334827352A36D3F2002E7874 /* AlbumsViewController.swift in Sources */,
				336ACC892A36210500C4B270 /* ViewController.swift in Sources */,
				334827482A371D09002E7874 /* AlbumDetailCell.swift in Sources */,
				33E6336D2A38536500408476 /* CommentTableViewCell.swift in Sources */,
				33E6335E2A381DF000408476 /* PostModel.swift in Sources */,
				333A54132A4047E800825F66 /* AlbumPresenter.swift in Sources */,
				336ACC852A36210500C4B270 /* AppDelegate.swift in Sources */,
				333A54192A40504E00825F66 /* CommentsPresenter.swift in Sources */,
				33E633612A38209E00408476 /* PostTableViewCell.swift in Sources */,
				33E633652A384F4B00408476 /* CommentsViewController.swift in Sources */,
				334827432A370931002E7874 /* AlbumsModel.swift in Sources */,
				3396493F2A36339D004CD28D /* UserModel.swift in Sources */,
				333A54112A4043D600825F66 /* PostPresenter.swift in Sources */,
				334827312A36CB7B002E7874 /* UserTableViewCell.swift in Sources */,
				333A54152A404ACF00825F66 /* CommonPresenter.swift in Sources */,
				336ACC872A36210500C4B270 /* SceneDelegate.swift in Sources */,
				333A54172A404BFA00825F66 /* AlbumDetailPresenter.swift in Sources */,
				334827412A36D60C002E7874 /* TabbarViewController.swift in Sources */,
			);
			runOnlyForDeploymentPostprocessing = 0;
		};
		336ACC932A36210600C4B270 /* Sources */ = {
			isa = PBXSourcesBuildPhase;
			buildActionMask = 2147483647;
			files = (
				336ACC9C2A36210600C4B270 /* UserAppTests.swift in Sources */,
			);
			runOnlyForDeploymentPostprocessing = 0;
		};
		336ACC9D2A36210600C4B270 /* Sources */ = {
			isa = PBXSourcesBuildPhase;
			buildActionMask = 2147483647;
			files = (
				336ACCA62A36210600C4B270 /* UserAppUITests.swift in Sources */,
				336ACCA82A36210600C4B270 /* UserAppUITestsLaunchTests.swift in Sources */,
			);
			runOnlyForDeploymentPostprocessing = 0;
		};
/* End PBXSourcesBuildPhase section */

/* Begin PBXTargetDependency section */
		336ACC992A36210600C4B270 /* PBXTargetDependency */ = {
			isa = PBXTargetDependency;
			target = 336ACC802A36210500C4B270 /* UserApp */;
			targetProxy = 336ACC982A36210600C4B270 /* PBXContainerItemProxy */;
		};
		336ACCA32A36210600C4B270 /* PBXTargetDependency */ = {
			isa = PBXTargetDependency;
			target = 336ACC802A36210500C4B270 /* UserApp */;
			targetProxy = 336ACCA22A36210600C4B270 /* PBXContainerItemProxy */;
		};
/* End PBXTargetDependency section */

/* Begin PBXVariantGroup section */
		336ACC8A2A36210500C4B270 /* Main.storyboard */ = {
			isa = PBXVariantGroup;
			children = (
				336ACC8B2A36210500C4B270 /* Base */,
			);
			name = Main.storyboard;
			sourceTree = "<group>";
		};
		336ACC8F2A36210500C4B270 /* LaunchScreen.storyboard */ = {
			isa = PBXVariantGroup;
			children = (
				336ACC902A36210500C4B270 /* Base */,
			);
			name = LaunchScreen.storyboard;
			sourceTree = "<group>";
		};
/* End PBXVariantGroup section */

/* Begin XCBuildConfiguration section */
		336ACCA92A36210600C4B270 /* Debug */ = {
			isa = XCBuildConfiguration;
			buildSettings = {
				ALWAYS_SEARCH_USER_PATHS = NO;
				CLANG_ANALYZER_NONNULL = YES;
				CLANG_ANALYZER_NUMBER_OBJECT_CONVERSION = YES_AGGRESSIVE;
				CLANG_CXX_LANGUAGE_STANDARD = "gnu++20";
				CLANG_ENABLE_MODULES = YES;
				CLANG_ENABLE_OBJC_ARC = YES;
				CLANG_ENABLE_OBJC_WEAK = YES;
				CLANG_WARN_BLOCK_CAPTURE_AUTORELEASING = YES;
				CLANG_WARN_BOOL_CONVERSION = YES;
				CLANG_WARN_COMMA = YES;
				CLANG_WARN_CONSTANT_CONVERSION = YES;
				CLANG_WARN_DEPRECATED_OBJC_IMPLEMENTATIONS = YES;
				CLANG_WARN_DIRECT_OBJC_ISA_USAGE = YES_ERROR;
				CLANG_WARN_DOCUMENTATION_COMMENTS = YES;
				CLANG_WARN_EMPTY_BODY = YES;
				CLANG_WARN_ENUM_CONVERSION = YES;
				CLANG_WARN_INFINITE_RECURSION = YES;
				CLANG_WARN_INT_CONVERSION = YES;
				CLANG_WARN_NON_LITERAL_NULL_CONVERSION = YES;
				CLANG_WARN_OBJC_IMPLICIT_RETAIN_SELF = YES;
				CLANG_WARN_OBJC_LITERAL_CONVERSION = YES;
				CLANG_WARN_OBJC_ROOT_CLASS = YES_ERROR;
				CLANG_WARN_QUOTED_INCLUDE_IN_FRAMEWORK_HEADER = YES;
				CLANG_WARN_RANGE_LOOP_ANALYSIS = YES;
				CLANG_WARN_STRICT_PROTOTYPES = YES;
				CLANG_WARN_SUSPICIOUS_MOVE = YES;
				CLANG_WARN_UNGUARDED_AVAILABILITY = YES_AGGRESSIVE;
				CLANG_WARN_UNREACHABLE_CODE = YES;
				CLANG_WARN__DUPLICATE_METHOD_MATCH = YES;
				COPY_PHASE_STRIP = NO;
				DEBUG_INFORMATION_FORMAT = dwarf;
				ENABLE_STRICT_OBJC_MSGSEND = YES;
				ENABLE_TESTABILITY = YES;
				GCC_C_LANGUAGE_STANDARD = gnu11;
				GCC_DYNAMIC_NO_PIC = NO;
				GCC_NO_COMMON_BLOCKS = YES;
				GCC_OPTIMIZATION_LEVEL = 0;
				GCC_PREPROCESSOR_DEFINITIONS = (
					"DEBUG=1",
					"$(inherited)",
				);
				GCC_WARN_64_TO_32_BIT_CONVERSION = YES;
				GCC_WARN_ABOUT_RETURN_TYPE = YES_ERROR;
				GCC_WARN_UNDECLARED_SELECTOR = YES;
				GCC_WARN_UNINITIALIZED_AUTOS = YES_AGGRESSIVE;
				GCC_WARN_UNUSED_FUNCTION = YES;
				GCC_WARN_UNUSED_VARIABLE = YES;
				IPHONEOS_DEPLOYMENT_TARGET = 16.4;
				MTL_ENABLE_DEBUG_INFO = INCLUDE_SOURCE;
				MTL_FAST_MATH = YES;
				ONLY_ACTIVE_ARCH = YES;
				SDKROOT = iphoneos;
				SWIFT_ACTIVE_COMPILATION_CONDITIONS = DEBUG;
				SWIFT_OPTIMIZATION_LEVEL = "-Onone";
			};
			name = Debug;
		};
		336ACCAA2A36210600C4B270 /* Release */ = {
			isa = XCBuildConfiguration;
			buildSettings = {
				ALWAYS_SEARCH_USER_PATHS = NO;
				CLANG_ANALYZER_NONNULL = YES;
				CLANG_ANALYZER_NUMBER_OBJECT_CONVERSION = YES_AGGRESSIVE;
				CLANG_CXX_LANGUAGE_STANDARD = "gnu++20";
				CLANG_ENABLE_MODULES = YES;
				CLANG_ENABLE_OBJC_ARC = YES;
				CLANG_ENABLE_OBJC_WEAK = YES;
				CLANG_WARN_BLOCK_CAPTURE_AUTORELEASING = YES;
				CLANG_WARN_BOOL_CONVERSION = YES;
				CLANG_WARN_COMMA = YES;
				CLANG_WARN_CONSTANT_CONVERSION = YES;
				CLANG_WARN_DEPRECATED_OBJC_IMPLEMENTATIONS = YES;
				CLANG_WARN_DIRECT_OBJC_ISA_USAGE = YES_ERROR;
				CLANG_WARN_DOCUMENTATION_COMMENTS = YES;
				CLANG_WARN_EMPTY_BODY = YES;
				CLANG_WARN_ENUM_CONVERSION = YES;
				CLANG_WARN_INFINITE_RECURSION = YES;
				CLANG_WARN_INT_CONVERSION = YES;
				CLANG_WARN_NON_LITERAL_NULL_CONVERSION = YES;
				CLANG_WARN_OBJC_IMPLICIT_RETAIN_SELF = YES;
				CLANG_WARN_OBJC_LITERAL_CONVERSION = YES;
				CLANG_WARN_OBJC_ROOT_CLASS = YES_ERROR;
				CLANG_WARN_QUOTED_INCLUDE_IN_FRAMEWORK_HEADER = YES;
				CLANG_WARN_RANGE_LOOP_ANALYSIS = YES;
				CLANG_WARN_STRICT_PROTOTYPES = YES;
				CLANG_WARN_SUSPICIOUS_MOVE = YES;
				CLANG_WARN_UNGUARDED_AVAILABILITY = YES_AGGRESSIVE;
				CLANG_WARN_UNREACHABLE_CODE = YES;
				CLANG_WARN__DUPLICATE_METHOD_MATCH = YES;
				COPY_PHASE_STRIP = NO;
				DEBUG_INFORMATION_FORMAT = "dwarf-with-dsym";
				ENABLE_NS_ASSERTIONS = NO;
				ENABLE_STRICT_OBJC_MSGSEND = YES;
				GCC_C_LANGUAGE_STANDARD = gnu11;
				GCC_NO_COMMON_BLOCKS = YES;
				GCC_WARN_64_TO_32_BIT_CONVERSION = YES;
				GCC_WARN_ABOUT_RETURN_TYPE = YES_ERROR;
				GCC_WARN_UNDECLARED_SELECTOR = YES;
				GCC_WARN_UNINITIALIZED_AUTOS = YES_AGGRESSIVE;
				GCC_WARN_UNUSED_FUNCTION = YES;
				GCC_WARN_UNUSED_VARIABLE = YES;
				IPHONEOS_DEPLOYMENT_TARGET = 16.4;
				MTL_ENABLE_DEBUG_INFO = NO;
				MTL_FAST_MATH = YES;
				SDKROOT = iphoneos;
				SWIFT_COMPILATION_MODE = wholemodule;
				SWIFT_OPTIMIZATION_LEVEL = "-O";
				VALIDATE_PRODUCT = YES;
			};
			name = Release;
		};
		336ACCAC2A36210600C4B270 /* Debug */ = {
			isa = XCBuildConfiguration;
			baseConfigurationReference = 7101297AE4E1D936EF7EF909 /* Pods-UserApp.debug.xcconfig */;
			buildSettings = {
				ASSETCATALOG_COMPILER_APPICON_NAME = AppIcon;
				ASSETCATALOG_COMPILER_GLOBAL_ACCENT_COLOR_NAME = AccentColor;
				CODE_SIGN_STYLE = Automatic;
				CURRENT_PROJECT_VERSION = 1;
				GENERATE_INFOPLIST_FILE = YES;
				INFOPLIST_FILE = UserApp/Info.plist;
				INFOPLIST_KEY_UIApplicationSupportsIndirectInputEvents = YES;
				INFOPLIST_KEY_UILaunchStoryboardName = LaunchScreen;
				INFOPLIST_KEY_UIMainStoryboardFile = Main;
				INFOPLIST_KEY_UISupportedInterfaceOrientations_iPad = "UIInterfaceOrientationPortrait UIInterfaceOrientationPortraitUpsideDown UIInterfaceOrientationLandscapeLeft UIInterfaceOrientationLandscapeRight";
				INFOPLIST_KEY_UISupportedInterfaceOrientations_iPhone = "UIInterfaceOrientationPortrait UIInterfaceOrientationLandscapeLeft UIInterfaceOrientationLandscapeRight";
				LD_RUNPATH_SEARCH_PATHS = (
					"$(inherited)",
					"@executable_path/Frameworks",
				);
				MARKETING_VERSION = 1.0;
				PRODUCT_BUNDLE_IDENTIFIER = tacorporation.UserApp;
				PRODUCT_NAME = "$(TARGET_NAME)";
				SWIFT_EMIT_LOC_STRINGS = YES;
				SWIFT_VERSION = 5.0;
				TARGETED_DEVICE_FAMILY = "1,2";
			};
			name = Debug;
		};
		336ACCAD2A36210600C4B270 /* Release */ = {
			isa = XCBuildConfiguration;
			baseConfigurationReference = 701B113EE93108254FEACD03 /* Pods-UserApp.release.xcconfig */;
			buildSettings = {
				ASSETCATALOG_COMPILER_APPICON_NAME = AppIcon;
				ASSETCATALOG_COMPILER_GLOBAL_ACCENT_COLOR_NAME = AccentColor;
				CODE_SIGN_STYLE = Automatic;
				CURRENT_PROJECT_VERSION = 1;
				GENERATE_INFOPLIST_FILE = YES;
				INFOPLIST_FILE = UserApp/Info.plist;
				INFOPLIST_KEY_UIApplicationSupportsIndirectInputEvents = YES;
				INFOPLIST_KEY_UILaunchStoryboardName = LaunchScreen;
				INFOPLIST_KEY_UIMainStoryboardFile = Main;
				INFOPLIST_KEY_UISupportedInterfaceOrientations_iPad = "UIInterfaceOrientationPortrait UIInterfaceOrientationPortraitUpsideDown UIInterfaceOrientationLandscapeLeft UIInterfaceOrientationLandscapeRight";
				INFOPLIST_KEY_UISupportedInterfaceOrientations_iPhone = "UIInterfaceOrientationPortrait UIInterfaceOrientationLandscapeLeft UIInterfaceOrientationLandscapeRight";
				LD_RUNPATH_SEARCH_PATHS = (
					"$(inherited)",
					"@executable_path/Frameworks",
				);
				MARKETING_VERSION = 1.0;
				PRODUCT_BUNDLE_IDENTIFIER = tacorporation.UserApp;
				PRODUCT_NAME = "$(TARGET_NAME)";
				SWIFT_EMIT_LOC_STRINGS = YES;
				SWIFT_VERSION = 5.0;
				TARGETED_DEVICE_FAMILY = "1,2";
			};
			name = Release;
		};
		336ACCAF2A36210600C4B270 /* Debug */ = {
			isa = XCBuildConfiguration;
			baseConfigurationReference = 5D6D10F151E376973903A604 /* Pods-UserAppTests.debug.xcconfig */;
			buildSettings = {
				ALWAYS_EMBED_SWIFT_STANDARD_LIBRARIES = YES;
				BUNDLE_LOADER = "$(TEST_HOST)";
				CODE_SIGN_STYLE = Automatic;
				CURRENT_PROJECT_VERSION = 1;
				GENERATE_INFOPLIST_FILE = YES;
				IPHONEOS_DEPLOYMENT_TARGET = 16.4;
				MARKETING_VERSION = 1.0;
				PRODUCT_BUNDLE_IDENTIFIER = tacorporation.UserAppTests;
				PRODUCT_NAME = "$(TARGET_NAME)";
				SWIFT_EMIT_LOC_STRINGS = NO;
				SWIFT_VERSION = 5.0;
				TARGETED_DEVICE_FAMILY = "1,2";
				TEST_HOST = "$(BUILT_PRODUCTS_DIR)/UserApp.app/$(BUNDLE_EXECUTABLE_FOLDER_PATH)/UserApp";
			};
			name = Debug;
		};
		336ACCB02A36210600C4B270 /* Release */ = {
			isa = XCBuildConfiguration;
			baseConfigurationReference = F753060523C9AED03C840726 /* Pods-UserAppTests.release.xcconfig */;
			buildSettings = {
				ALWAYS_EMBED_SWIFT_STANDARD_LIBRARIES = YES;
				BUNDLE_LOADER = "$(TEST_HOST)";
				CODE_SIGN_STYLE = Automatic;
				CURRENT_PROJECT_VERSION = 1;
				GENERATE_INFOPLIST_FILE = YES;
				IPHONEOS_DEPLOYMENT_TARGET = 16.4;
				MARKETING_VERSION = 1.0;
				PRODUCT_BUNDLE_IDENTIFIER = tacorporation.UserAppTests;
				PRODUCT_NAME = "$(TARGET_NAME)";
				SWIFT_EMIT_LOC_STRINGS = NO;
				SWIFT_VERSION = 5.0;
				TARGETED_DEVICE_FAMILY = "1,2";
				TEST_HOST = "$(BUILT_PRODUCTS_DIR)/UserApp.app/$(BUNDLE_EXECUTABLE_FOLDER_PATH)/UserApp";
			};
			name = Release;
		};
		336ACCB22A36210600C4B270 /* Debug */ = {
			isa = XCBuildConfiguration;
			buildSettings = {
				ALWAYS_EMBED_SWIFT_STANDARD_LIBRARIES = YES;
				CODE_SIGN_STYLE = Automatic;
				CURRENT_PROJECT_VERSION = 1;
				GENERATE_INFOPLIST_FILE = YES;
				MARKETING_VERSION = 1.0;
				PRODUCT_BUNDLE_IDENTIFIER = tacorporation.UserAppUITests;
				PRODUCT_NAME = "$(TARGET_NAME)";
				SWIFT_EMIT_LOC_STRINGS = NO;
				SWIFT_VERSION = 5.0;
				TARGETED_DEVICE_FAMILY = "1,2";
				TEST_TARGET_NAME = UserApp;
			};
			name = Debug;
		};
		336ACCB32A36210600C4B270 /* Release */ = {
			isa = XCBuildConfiguration;
			buildSettings = {
				ALWAYS_EMBED_SWIFT_STANDARD_LIBRARIES = YES;
				CODE_SIGN_STYLE = Automatic;
				CURRENT_PROJECT_VERSION = 1;
				GENERATE_INFOPLIST_FILE = YES;
				MARKETING_VERSION = 1.0;
				PRODUCT_BUNDLE_IDENTIFIER = tacorporation.UserAppUITests;
				PRODUCT_NAME = "$(TARGET_NAME)";
				SWIFT_EMIT_LOC_STRINGS = NO;
				SWIFT_VERSION = 5.0;
				TARGETED_DEVICE_FAMILY = "1,2";
				TEST_TARGET_NAME = UserApp;
			};
			name = Release;
		};
/* End XCBuildConfiguration section */

/* Begin XCConfigurationList section */
		336ACC7C2A36210500C4B270 /* Build configuration list for PBXProject "UserApp" */ = {
			isa = XCConfigurationList;
			buildConfigurations = (
				336ACCA92A36210600C4B270 /* Debug */,
				336ACCAA2A36210600C4B270 /* Release */,
			);
			defaultConfigurationIsVisible = 0;
			defaultConfigurationName = Release;
		};
		336ACCAB2A36210600C4B270 /* Build configuration list for PBXNativeTarget "UserApp" */ = {
			isa = XCConfigurationList;
			buildConfigurations = (
				336ACCAC2A36210600C4B270 /* Debug */,
				336ACCAD2A36210600C4B270 /* Release */,
			);
			defaultConfigurationIsVisible = 0;
			defaultConfigurationName = Release;
		};
		336ACCAE2A36210600C4B270 /* Build configuration list for PBXNativeTarget "UserAppTests" */ = {
			isa = XCConfigurationList;
			buildConfigurations = (
				336ACCAF2A36210600C4B270 /* Debug */,
				336ACCB02A36210600C4B270 /* Release */,
			);
			defaultConfigurationIsVisible = 0;
			defaultConfigurationName = Release;
		};
		336ACCB12A36210600C4B270 /* Build configuration list for PBXNativeTarget "UserAppUITests" */ = {
			isa = XCConfigurationList;
			buildConfigurations = (
				336ACCB22A36210600C4B270 /* Debug */,
				336ACCB32A36210600C4B270 /* Release */,
			);
			defaultConfigurationIsVisible = 0;
			defaultConfigurationName = Release;
		};
/* End XCConfigurationList section */
	};
	rootObject = 336ACC792A36210500C4B270 /* Project object */;
}
