// !$*UTF8*$!
{
	archiveVersion = 1;
	classes = {
	};
	objectVersion = 56;
	objects = {

/* Begin PBXBuildFile section */
		336ACC852A36210500C4B270 /* AppDelegate.swift in Sources */ = {isa = PBXBuildFile; fileRef = 336ACC842A36210500C4B270 /* AppDelegate.swift */; };
		336ACC872A36210500C4B270 /* SceneDelegate.swift in Sources */ = {isa = PBXBuildFile; fileRef = 336ACC862A36210500C4B270 /* SceneDelegate.swift */; };
		336ACC892A36210500C4B270 /* ViewController.swift in Sources */ = {isa = PBXBuildFile; fileRef = 336ACC882A36210500C4B270 /* ViewController.swift */; };
		336ACC8C2A36210500C4B270 /* Main.storyboard in Resources */ = {isa = PBXBuildFile; fileRef = 336ACC8A2A36210500C4B270 /* Main.storyboard */; };
		336ACC8E2A36210500C4B270 /* Assets.xcassets in Resources */ = {isa = PBXBuildFile; fileRef = 336ACC8D2A36210500C4B270 /* Assets.xcassets */; };
		336ACC912A36210500C4B270 /* LaunchScreen.storyboard in Resources */ = {isa = PBXBuildFile; fileRef = 336ACC8F2A36210500C4B270 /* LaunchScreen.storyboard */; };
		336ACC9C2A36210600C4B270 /* UserAppTests.swift in Sources */ = {isa = PBXBuildFile; fileRef = 336ACC9B2A36210600C4B270 /* UserAppTests.swift */; };
		336ACCA62A36210600C4B270 /* UserAppUITests.swift in Sources */ = {isa = PBXBuildFile; fileRef = 336ACCA52A36210600C4B270 /* UserAppUITests.swift */; };
		336ACCA82A36210600C4B270 /* UserAppUITestsLaunchTests.swift in Sources */ = {isa = PBXBuildFile; fileRef = 336ACCA72A36210600C4B270 /* UserAppUITestsLaunchTests.swift */; };
/* End PBXBuildFile section */

/* Begin PBXContainerItemProxy section */
		336ACC982A36210600C4B270 /* PBXContainerItemProxy */ = {
			isa = PBXContainerItemProxy;
			containerPortal = 336ACC792A36210500C4B270 /* Project object */;
			proxyType = 1;
			remoteGlobalIDString = 336ACC802A36210500C4B270;
			remoteInfo = UserApp;
		};
		336ACCA22A36210600C4B270 /* PBXContainerItemProxy */ = {
			isa = PBXContainerItemProxy;
			containerPortal = 336ACC792A36210500C4B270 /* Project object */;
			proxyType = 1;
			remoteGlobalIDString = 336ACC802A36210500C4B270;
			remoteInfo = UserApp;
		};
/* End PBXContainerItemProxy section */

/* Begin PBXFileReference section */
		336ACC812A36210500C4B270 /* UserApp.app */ = {isa = PBXFileReference; explicitFileType = wrapper.application; includeInIndex = 0; path = UserApp.app; sourceTree = BUILT_PRODUCTS_DIR; };
		336ACC842A36210500C4B270 /* AppDelegate.swift */ = {isa = PBXFileReference; lastKnownFileType = sourcecode.swift; path = AppDelegate.swift; sourceTree = "<group>"; };
		336ACC862A36210500C4B270 /* SceneDelegate.swift */ = {isa = PBXFileReference; lastKnownFileType = sourcecode.swift; path = SceneDelegate.swift; sourceTree = "<group>"; };
		336ACC882A36210500C4B270 /* ViewController.swift */ = {isa = PBXFileReference; lastKnownFileType = sourcecode.swift; path = ViewController.swift; sourceTree = "<group>"; };
		336ACC8B2A36210500C4B270 /* Base */ = {isa = PBXFileReference; lastKnownFileType = file.storyboard; name = Base; path = Base.lproj/Main.storyboard; sourceTree = "<group>"; };
		336ACC8D2A36210500C4B270 /* Assets.xcassets */ = {isa = PBXFileReference; lastKnownFileType = folder.assetcatalog; path = Assets.xcassets; sourceTree = "<group>"; };
		336ACC902A36210500C4B270 /* Base */ = {isa = PBXFileReference; lastKnownFileType = file.storyboard; name = Base; path = Base.lproj/LaunchScreen.storyboard; sourceTree = "<group>"; };
		336ACC922A36210500C4B270 /* Info.plist */ = {isa = PBXFileReference; lastKnownFileType = text.plist.xml; path = Info.plist; sourceTree = "<group>"; };
		336ACC972A36210600C4B270 /* UserAppTests.xctest */ = {isa = PBXFileReference; explicitFileType = wrapper.cfbundle; includeInIndex = 0; path = UserAppTests.xctest; sourceTree = BUILT_PRODUCTS_DIR; };
		336ACC9B2A36210600C4B270 /* UserAppTests.swift */ = {isa = PBXFileReference; lastKnownFileType = sourcecode.swift; path = UserAppTests.swift; sourceTree = "<group>"; };
		336ACCA12A36210600C4B270 /* UserAppUITests.xctest */ = {isa = PBXFileReference; explicitFileType = wrapper.cfbundle; includeInIndex = 0; path = UserAppUITests.xctest; sourceTree = BUILT_PRODUCTS_DIR; };
		336ACCA52A36210600C4B270 /* UserAppUITests.swift */ = {isa = PBXFileReference; lastKnownFileType = sourcecode.swift; path = UserAppUITests.swift; sourceTree = "<group>"; };
		336ACCA72A36210600C4B270 /* UserAppUITestsLaunchTests.swift */ = {isa = PBXFileReference; lastKnownFileType = sourcecode.swift; path = UserAppUITestsLaunchTests.swift; sourceTree = "<group>"; };
/* End PBXFileReference section */

/* Begin PBXFrameworksBuildPhase section */
		336ACC7E2A36210500C4B270 /* Frameworks */ = {
			isa = PBXFrameworksBuildPhase;
			buildActionMask = 2147483647;
			files = (
			);
			runOnlyForDeploymentPostprocessing = 0;
		};
		336ACC942A36210600C4B270 /* Frameworks */ = {
			isa = PBXFrameworksBuildPhase;
			buildActionMask = 2147483647;
			files = (
			);
			runOnlyForDeploymentPostprocessing = 0;
		};
		336ACC9E2A36210600C4B270 /* Frameworks */ = {
			isa = PBXFrameworksBuildPhase;
			buildActionMask = 2147483647;
			files = (
			);
			runOnlyForDeploymentPostprocessing = 0;
		};
/* End PBXFrameworksBuildPhase section */

/* Begin PBXGroup section */
		336ACC782A36210500C4B270 = {
			isa = PBXGroup;
			children = (
				336ACC832A36210500C4B270 /* UserApp */,
				336ACC9A2A36210600C4B270 /* UserAppTests */,
				336ACCA42A36210600C4B270 /* UserAppUITests */,
				336ACC822A36210500C4B270 /* Products */,
			);
			sourceTree = "<group>";
		};
		336ACC822A36210500C4B270 /* Products */ = {
			isa = PBXGroup;
			children = (
				336ACC812A36210500C4B270 /* UserApp.app */,
				336ACC972A36210600C4B270 /* UserAppTests.xctest */,
				336ACCA12A36210600C4B270 /* UserAppUITests.xctest */,
			);
			name = Products;
			sourceTree = "<group>";
		};
		336ACC832A36210500C4B270 /* UserApp */ = {
			isa = PBXGroup;
			children = (
				336ACC842A36210500C4B270 /* AppDelegate.swift */,
				336ACC862A36210500C4B270 /* SceneDelegate.swift */,
				336ACC882A36210500C4B270 /* ViewController.swift */,
				336ACC8A2A36210500C4B270 /* Main.storyboard */,
				336ACC8D2A36210500C4B270 /* Assets.xcassets */,
				336ACC8F2A36210500C4B270 /* LaunchScreen.storyboard */,
				336ACC922A36210500C4B270 /* Info.plist */,
			);
			path = UserApp;
			sourceTree = "<group>";
		};
		336ACC9A2A36210600C4B270 /* UserAppTests */ = {
			isa = PBXGroup;
			children = (
				336ACC9B2A36210600C4B270 /* UserAppTests.swift */,
			);
			path = UserAppTests;
			sourceTree = "<group>";
		};
		336ACCA42A36210600C4B270 /* UserAppUITests */ = {
			isa = PBXGroup;
			children = (
				336ACCA52A36210600C4B270 /* UserAppUITests.swift */,
				336ACCA72A36210600C4B270 /* UserAppUITestsLaunchTests.swift */,
			);
			path = UserAppUITests;
			sourceTree = "<group>";
		};
/* End PBXGroup section */

/* Begin PBXNativeTarget section */
		336ACC802A36210500C4B270 /* UserApp */ = {
			isa = PBXNativeTarget;
			buildConfigurationList = 336ACCAB2A36210600C4B270 /* Build configuration list for PBXNativeTarget "UserApp" */;
			buildPhases = (
				336ACC7D2A36210500C4B270 /* Sources */,
				336ACC7E2A36210500C4B270 /* Frameworks */,
				336ACC7F2A36210500C4B270 /* Resources */,
			);
			buildRules = (
			);
			dependencies = (
			);
			name = UserApp;
			productName = UserApp;
			productReference = 336ACC812A36210500C4B270 /* UserApp.app */;
			productType = "com.apple.product-type.application";
		};
		336ACC962A36210600C4B270 /* UserAppTests */ = {
			isa = PBXNativeTarget;
			buildConfigurationList = 336ACCAE2A36210600C4B270 /* Build configuration list for PBXNativeTarget "UserAppTests" */;
			buildPhases = (
				336ACC932A36210600C4B270 /* Sources */,
				336ACC942A36210600C4B270 /* Frameworks */,
				336ACC952A36210600C4B270 /* Resources */,
			);
			buildRules = (
			);
			dependencies = (
				336ACC992A36210600C4B270 /* PBXTargetDependency */,
			);
			name = UserAppTests;
			productName = UserAppTests;
			productReference = 336ACC972A36210600C4B270 /* UserAppTests.xctest */;
			productType = "com.apple.product-type.bundle.unit-test";
		};
		336ACCA02A36210600C4B270 /* UserAppUITests */ = {
			isa = PBXNativeTarget;
			buildConfigurationList = 336ACCB12A36210600C4B270 /* Build configuration list for PBXNativeTarget "UserAppUITests" */;
			buildPhases = (
				336ACC9D2A36210600C4B270 /* Sources */,
				336ACC9E2A36210600C4B270 /* Frameworks */,
				336ACC9F2A36210600C4B270 /* Resources */,
			);
			buildRules = (
			);
			dependencies = (
				336ACCA32A36210600C4B270 /* PBXTargetDependency */,
			);
			name = UserAppUITests;
			productName = UserAppUITests;
			productReference = 336ACCA12A36210600C4B270 /* UserAppUITests.xctest */;
			productType = "com.apple.product-type.bundle.ui-testing";
		};
/* End PBXNativeTarget section */

/* Begin PBXProject section */
		336ACC792A36210500C4B270 /* Project object */ = {
			isa = PBXProject;
			attributes = {
				BuildIndependentTargetsInParallel = 1;
				LastSwiftUpdateCheck = 1430;
				LastUpgradeCheck = 1430;
				TargetAttributes = {
					336ACC802A36210500C4B270 = {
						CreatedOnToolsVersion = 14.3.1;
					};
					336ACC962A36210600C4B270 = {
						CreatedOnToolsVersion = 14.3.1;
						TestTargetID = 336ACC802A36210500C4B270;
					};
					336ACCA02A36210600C4B270 = {
						CreatedOnToolsVersion = 14.3.1;
						TestTargetID = 336ACC802A36210500C4B270;
					};
				};
			};
			buildConfigurationList = 336ACC7C2A36210500C4B270 /* Build configuration list for PBXProject "UserApp" */;
			compatibilityVersion = "Xcode 14.0";
			developmentRegion = en;
			hasScannedForEncodings = 0;
			knownRegions = (
				en,
				Base,
			);
			mainGroup = 336ACC782A36210500C4B270;
			productRefGroup = 336ACC822A36210500C4B270 /* Products */;
			projectDirPath = "";
			projectRoot = "";
			targets = (
				336ACC802A36210500C4B270 /* UserApp */,
				336ACC962A36210600C4B270 /* UserAppTests */,
				336ACCA02A36210600C4B270 /* UserAppUITests */,
			);
		};
/* End PBXProject section */

/* Begin PBXResourcesBuildPhase section */
		336ACC7F2A36210500C4B270 /* Resources */ = {
			isa = PBXResourcesBuildPhase;
			buildActionMask = 2147483647;
			files = (
				336ACC912A36210500C4B270 /* LaunchScreen.storyboard in Resources */,
				336ACC8E2A36210500C4B270 /* Assets.xcassets in Resources */,
				336ACC8C2A36210500C4B270 /* Main.storyboard in Resources */,
			);
			runOnlyForDeploymentPostprocessing = 0;
		};
		336ACC952A36210600C4B270 /* Resources */ = {
			isa = PBXResourcesBuildPhase;
			buildActionMask = 2147483647;
			files = (
			);
			runOnlyForDeploymentPostprocessing = 0;
		};
		336ACC9F2A36210600C4B270 /* Resources */ = {
			isa = PBXResourcesBuildPhase;
			buildActionMask = 2147483647;
			files = (
			);
			runOnlyForDeploymentPostprocessing = 0;
		};
/* End PBXResourcesBuildPhase section */

/* Begin PBXSourcesBuildPhase section */
		336ACC7D2A36210500C4B270 /* Sources */ = {
			isa = PBXSourcesBuildPhase;
			buildActionMask = 2147483647;
			files = (
				336ACC892A36210500C4B270 /* ViewController.swift in Sources */,
				336ACC852A36210500C4B270 /* AppDelegate.swift in Sources */,
				336ACC872A36210500C4B270 /* SceneDelegate.swift in Sources */,
			);
			runOnlyForDeploymentPostprocessing = 0;
		};
		336ACC932A36210600C4B270 /* Sources */ = {
			isa = PBXSourcesBuildPhase;
			buildActionMask = 2147483647;
			files = (
				336ACC9C2A36210600C4B270 /* UserAppTests.swift in Sources */,
			);
			runOnlyForDeploymentPostprocessing = 0;
		};
		336ACC9D2A36210600C4B270 /* Sources */ = {
			isa = PBXSourcesBuildPhase;
			buildActionMask = 2147483647;
			files = (
				336ACCA62A36210600C4B270 /* UserAppUITests.swift in Sources */,
				336ACCA82A36210600C4B270 /* UserAppUITestsLaunchTests.swift in Sources */,
			);
			runOnlyForDeploymentPostprocessing = 0;
		};
/* End PBXSourcesBuildPhase section */

/* Begin PBXTargetDependency section */
		336ACC992A36210600C4B270 /* PBXTargetDependency */ = {
			isa = PBXTargetDependency;
			target = 336ACC802A36210500C4B270 /* UserApp */;
			targetProxy = 336ACC982A36210600C4B270 /* PBXContainerItemProxy */;
		};
		336ACCA32A36210600C4B270 /* PBXTargetDependency */ = {
			isa = PBXTargetDependency;
			target = 336ACC802A36210500C4B270 /* UserApp */;
			targetProxy = 336ACCA22A36210600C4B270 /* PBXContainerItemProxy */;
		};
/* End PBXTargetDependency section */

/* Begin PBXVariantGroup section */
		336ACC8A2A36210500C4B270 /* Main.storyboard */ = {
			isa = PBXVariantGroup;
			children = (
				336ACC8B2A36210500C4B270 /* Base */,
			);
			name = Main.storyboard;
			sourceTree = "<group>";
		};
		336ACC8F2A36210500C4B270 /* LaunchScreen.storyboard */ = {
			isa = PBXVariantGroup;
			children = (
				336ACC902A36210500C4B270 /* Base */,
			);
			name = LaunchScreen.storyboard;
			sourceTree = "<group>";
		};
/* End PBXVariantGroup section */

/* Begin XCBuildConfiguration section */
		336ACCA92A36210600C4B270 /* Debug */ = {
			isa = XCBuildConfiguration;
			buildSettings = {
				ALWAYS_SEARCH_USER_PATHS = NO;
				CLANG_ANALYZER_NONNULL = YES;
				CLANG_ANALYZER_NUMBER_OBJECT_CONVERSION = YES_AGGRESSIVE;
				CLANG_CXX_LANGUAGE_STANDARD = "gnu++20";
				CLANG_ENABLE_MODULES = YES;
				CLANG_ENABLE_OBJC_ARC = YES;
				CLANG_ENABLE_OBJC_WEAK = YES;
				CLANG_WARN_BLOCK_CAPTURE_AUTORELEASING = YES;
				CLANG_WARN_BOOL_CONVERSION = YES;
				CLANG_WARN_COMMA = YES;
				CLANG_WARN_CONSTANT_CONVERSION = YES;
				CLANG_WARN_DEPRECATED_OBJC_IMPLEMENTATIONS = YES;
				CLANG_WARN_DIRECT_OBJC_ISA_USAGE = YES_ERROR;
				CLANG_WARN_DOCUMENTATION_COMMENTS = YES;
				CLANG_WARN_EMPTY_BODY = YES;
				CLANG_WARN_ENUM_CONVERSION = YES;
				CLANG_WARN_INFINITE_RECURSION = YES;
				CLANG_WARN_INT_CONVERSION = YES;
				CLANG_WARN_NON_LITERAL_NULL_CONVERSION = YES;
				CLANG_WARN_OBJC_IMPLICIT_RETAIN_SELF = YES;
				CLANG_WARN_OBJC_LITERAL_CONVERSION = YES;
				CLANG_WARN_OBJC_ROOT_CLASS = YES_ERROR;
				CLANG_WARN_QUOTED_INCLUDE_IN_FRAMEWORK_HEADER = YES;
				CLANG_WARN_RANGE_LOOP_ANALYSIS = YES;
				CLANG_WARN_STRICT_PROTOTYPES = YES;
				CLANG_WARN_SUSPICIOUS_MOVE = YES;
				CLANG_WARN_UNGUARDED_AVAILABILITY = YES_AGGRESSIVE;
				CLANG_WARN_UNREACHABLE_CODE = YES;
				CLANG_WARN__DUPLICATE_METHOD_MATCH = YES;
				COPY_PHASE_STRIP = NO;
				DEBUG_INFORMATION_FORMAT = dwarf;
				ENABLE_STRICT_OBJC_MSGSEND = YES;
				ENABLE_TESTABILITY = YES;
				GCC_C_LANGUAGE_STANDARD = gnu11;
				GCC_DYNAMIC_NO_PIC = NO;
				GCC_NO_COMMON_BLOCKS = YES;
				GCC_OPTIMIZATION_LEVEL = 0;
				GCC_PREPROCESSOR_DEFINITIONS = (
					"DEBUG=1",
					"$(inherited)",
				);
				GCC_WARN_64_TO_32_BIT_CONVERSION = YES;
				GCC_WARN_ABOUT_RETURN_TYPE = YES_ERROR;
				GCC_WARN_UNDECLARED_SELECTOR = YES;
				GCC_WARN_UNINITIALIZED_AUTOS = YES_AGGRESSIVE;
				GCC_WARN_UNUSED_FUNCTION = YES;
				GCC_WARN_UNUSED_VARIABLE = YES;
				IPHONEOS_DEPLOYMENT_TARGET = 16.4;
				MTL_ENABLE_DEBUG_INFO = INCLUDE_SOURCE;
				MTL_FAST_MATH = YES;
				ONLY_ACTIVE_ARCH = YES;
				SDKROOT = iphoneos;
				SWIFT_ACTIVE_COMPILATION_CONDITIONS = DEBUG;
				SWIFT_OPTIMIZATION_LEVEL = "-Onone";
			};
			name = Debug;
		};
		336ACCAA2A36210600C4B270 /* Release */ = {
			isa = XCBuildConfiguration;
			buildSettings = {
				ALWAYS_SEARCH_USER_PATHS = NO;
				CLANG_ANALYZER_NONNULL = YES;
				CLANG_ANALYZER_NUMBER_OBJECT_CONVERSION = YES_AGGRESSIVE;
				CLANG_CXX_LANGUAGE_STANDARD = "gnu++20";
				CLANG_ENABLE_MODULES = YES;
				CLANG_ENABLE_OBJC_ARC = YES;
				CLANG_ENABLE_OBJC_WEAK = YES;
				CLANG_WARN_BLOCK_CAPTURE_AUTORELEASING = YES;
				CLANG_WARN_BOOL_CONVERSION = YES;
				CLANG_WARN_COMMA = YES;
				CLANG_WARN_CONSTANT_CONVERSION = YES;
				CLANG_WARN_DEPRECATED_OBJC_IMPLEMENTATIONS = YES;
				CLANG_WARN_DIRECT_OBJC_ISA_USAGE = YES_ERROR;
				CLANG_WARN_DOCUMENTATION_COMMENTS = YES;
				CLANG_WARN_EMPTY_BODY = YES;
				CLANG_WARN_ENUM_CONVERSION = YES;
				CLANG_WARN_INFINITE_RECURSION = YES;
				CLANG_WARN_INT_CONVERSION = YES;
				CLANG_WARN_NON_LITERAL_NULL_CONVERSION = YES;
				CLANG_WARN_OBJC_IMPLICIT_RETAIN_SELF = YES;
				CLANG_WARN_OBJC_LITERAL_CONVERSION = YES;
				CLANG_WARN_OBJC_ROOT_CLASS = YES_ERROR;
				CLANG_WARN_QUOTED_INCLUDE_IN_FRAMEWORK_HEADER = YES;
				CLANG_WARN_RANGE_LOOP_ANALYSIS = YES;
				CLANG_WARN_STRICT_PROTOTYPES = YES;
				CLANG_WARN_SUSPICIOUS_MOVE = YES;
				CLANG_WARN_UNGUARDED_AVAILABILITY = YES_AGGRESSIVE;
				CLANG_WARN_UNREACHABLE_CODE = YES;
				CLANG_WARN__DUPLICATE_METHOD_MATCH = YES;
				COPY_PHASE_STRIP = NO;
				DEBUG_INFORMATION_FORMAT = "dwarf-with-dsym";
				ENABLE_NS_ASSERTIONS = NO;
				ENABLE_STRICT_OBJC_MSGSEND = YES;
				GCC_C_LANGUAGE_STANDARD = gnu11;
				GCC_NO_COMMON_BLOCKS = YES;
				GCC_WARN_64_TO_32_BIT_CONVERSION = YES;
				GCC_WARN_ABOUT_RETURN_TYPE = YES_ERROR;
				GCC_WARN_UNDECLARED_SELECTOR = YES;
				GCC_WARN_UNINITIALIZED_AUTOS = YES_AGGRESSIVE;
				GCC_WARN_UNUSED_FUNCTION = YES;
				GCC_WARN_UNUSED_VARIABLE = YES;
				IPHONEOS_DEPLOYMENT_TARGET = 16.4;
				MTL_ENABLE_DEBUG_INFO = NO;
				MTL_FAST_MATH = YES;
				SDKROOT = iphoneos;
				SWIFT_COMPILATION_MODE = wholemodule;
				SWIFT_OPTIMIZATION_LEVEL = "-O";
				VALIDATE_PRODUCT = YES;
			};
			name = Release;
		};
		336ACCAC2A36210600C4B270 /* Debug */ = {
			isa = XCBuildConfiguration;
			buildSettings = {
				ASSETCATALOG_COMPILER_APPICON_NAME = AppIcon;
				ASSETCATALOG_COMPILER_GLOBAL_ACCENT_COLOR_NAME = AccentColor;
				CODE_SIGN_STYLE = Automatic;
				CURRENT_PROJECT_VERSION = 1;
				GENERATE_INFOPLIST_FILE = YES;
				INFOPLIST_FILE = UserApp/Info.plist;
				INFOPLIST_KEY_UIApplicationSupportsIndirectInputEvents = YES;
				INFOPLIST_KEY_UILaunchStoryboardName = LaunchScreen;
				INFOPLIST_KEY_UIMainStoryboardFile = Main;
				INFOPLIST_KEY_UISupportedInterfaceOrientations_iPad = "UIInterfaceOrientationPortrait UIInterfaceOrientationPortraitUpsideDown UIInterfaceOrientationLandscapeLeft UIInterfaceOrientationLandscapeRight";
				INFOPLIST_KEY_UISupportedInterfaceOrientations_iPhone = "UIInterfaceOrientationPortrait UIInterfaceOrientationLandscapeLeft UIInterfaceOrientationLandscapeRight";
				LD_RUNPATH_SEARCH_PATHS = (
					"$(inherited)",
					"@executable_path/Frameworks",
				);
				MARKETING_VERSION = 1.0;
				PRODUCT_BUNDLE_IDENTIFIER = tacorporation.UserApp;
				PRODUCT_NAME = "$(TARGET_NAME)";
				SWIFT_EMIT_LOC_STRINGS = YES;
				SWIFT_VERSION = 5.0;
				TARGETED_DEVICE_FAMILY = "1,2";
			};
			name = Debug;
		};
		336ACCAD2A36210600C4B270 /* Release */ = {
			isa = XCBuildConfiguration;
			buildSettings = {
				ASSETCATALOG_COMPILER_APPICON_NAME = AppIcon;
				ASSETCATALOG_COMPILER_GLOBAL_ACCENT_COLOR_NAME = AccentColor;
				CODE_SIGN_STYLE = Automatic;
				CURRENT_PROJECT_VERSION = 1;
				GENERATE_INFOPLIST_FILE = YES;
				INFOPLIST_FILE = UserApp/Info.plist;
				INFOPLIST_KEY_UIApplicationSupportsIndirectInputEvents = YES;
				INFOPLIST_KEY_UILaunchStoryboardName = LaunchScreen;
				INFOPLIST_KEY_UIMainStoryboardFile = Main;
				INFOPLIST_KEY_UISupportedInterfaceOrientations_iPad = "UIInterfaceOrientationPortrait UIInterfaceOrientationPortraitUpsideDown UIInterfaceOrientationLandscapeLeft UIInterfaceOrientationLandscapeRight";
				INFOPLIST_KEY_UISupportedInterfaceOrientations_iPhone = "UIInterfaceOrientationPortrait UIInterfaceOrientationLandscapeLeft UIInterfaceOrientationLandscapeRight";
				LD_RUNPATH_SEARCH_PATHS = (
					"$(inherited)",
					"@executable_path/Frameworks",
				);
				MARKETING_VERSION = 1.0;
				PRODUCT_BUNDLE_IDENTIFIER = tacorporation.UserApp;
				PRODUCT_NAME = "$(TARGET_NAME)";
				SWIFT_EMIT_LOC_STRINGS = YES;
				SWIFT_VERSION = 5.0;
				TARGETED_DEVICE_FAMILY = "1,2";
			};
			name = Release;
		};
		336ACCAF2A36210600C4B270 /* Debug */ = {
			isa = XCBuildConfiguration;
			buildSettings = {
				ALWAYS_EMBED_SWIFT_STANDARD_LIBRARIES = YES;
				BUNDLE_LOADER = "$(TEST_HOST)";
				CODE_SIGN_STYLE = Automatic;
				CURRENT_PROJECT_VERSION = 1;
				GENERATE_INFOPLIST_FILE = YES;
				IPHONEOS_DEPLOYMENT_TARGET = 16.4;
				MARKETING_VERSION = 1.0;
				PRODUCT_BUNDLE_IDENTIFIER = tacorporation.UserAppTests;
				PRODUCT_NAME = "$(TARGET_NAME)";
				SWIFT_EMIT_LOC_STRINGS = NO;
				SWIFT_VERSION = 5.0;
				TARGETED_DEVICE_FAMILY = "1,2";
				TEST_HOST = "$(BUILT_PRODUCTS_DIR)/UserApp.app/$(BUNDLE_EXECUTABLE_FOLDER_PATH)/UserApp";
			};
			name = Debug;
		};
		336ACCB02A36210600C4B270 /* Release */ = {
			isa = XCBuildConfiguration;
			buildSettings = {
				ALWAYS_EMBED_SWIFT_STANDARD_LIBRARIES = YES;
				BUNDLE_LOADER = "$(TEST_HOST)";
				CODE_SIGN_STYLE = Automatic;
				CURRENT_PROJECT_VERSION = 1;
				GENERATE_INFOPLIST_FILE = YES;
				IPHONEOS_DEPLOYMENT_TARGET = 16.4;
				MARKETING_VERSION = 1.0;
				PRODUCT_BUNDLE_IDENTIFIER = tacorporation.UserAppTests;
				PRODUCT_NAME = "$(TARGET_NAME)";
				SWIFT_EMIT_LOC_STRINGS = NO;
				SWIFT_VERSION = 5.0;
				TARGETED_DEVICE_FAMILY = "1,2";
				TEST_HOST = "$(BUILT_PRODUCTS_DIR)/UserApp.app/$(BUNDLE_EXECUTABLE_FOLDER_PATH)/UserApp";
			};
			name = Release;
		};
		336ACCB22A36210600C4B270 /* Debug */ = {
			isa = XCBuildConfiguration;
			buildSettings = {
				ALWAYS_EMBED_SWIFT_STANDARD_LIBRARIES = YES;
				CODE_SIGN_STYLE = Automatic;
				CURRENT_PROJECT_VERSION = 1;
				GENERATE_INFOPLIST_FILE = YES;
				MARKETING_VERSION = 1.0;
				PRODUCT_BUNDLE_IDENTIFIER = tacorporation.UserAppUITests;
				PRODUCT_NAME = "$(TARGET_NAME)";
				SWIFT_EMIT_LOC_STRINGS = NO;
				SWIFT_VERSION = 5.0;
				TARGETED_DEVICE_FAMILY = "1,2";
				TEST_TARGET_NAME = UserApp;
			};
			name = Debug;
		};
		336ACCB32A36210600C4B270 /* Release */ = {
			isa = XCBuildConfiguration;
			buildSettings = {
				ALWAYS_EMBED_SWIFT_STANDARD_LIBRARIES = YES;
				CODE_SIGN_STYLE = Automatic;
				CURRENT_PROJECT_VERSION = 1;
				GENERATE_INFOPLIST_FILE = YES;
				MARKETING_VERSION = 1.0;
				PRODUCT_BUNDLE_IDENTIFIER = tacorporation.UserAppUITests;
				PRODUCT_NAME = "$(TARGET_NAME)";
				SWIFT_EMIT_LOC_STRINGS = NO;
				SWIFT_VERSION = 5.0;
				TARGETED_DEVICE_FAMILY = "1,2";
				TEST_TARGET_NAME = UserApp;
			};
			name = Release;
		};
/* End XCBuildConfiguration section */

/* Begin XCConfigurationList section */
		336ACC7C2A36210500C4B270 /* Build configuration list for PBXProject "UserApp" */ = {
			isa = XCConfigurationList;
			buildConfigurations = (
				336ACCA92A36210600C4B270 /* Debug */,
				336ACCAA2A36210600C4B270 /* Release */,
			);
			defaultConfigurationIsVisible = 0;
			defaultConfigurationName = Release;
		};
		336ACCAB2A36210600C4B270 /* Build configuration list for PBXNativeTarget "UserApp" */ = {
			isa = XCConfigurationList;
			buildConfigurations = (
				336ACCAC2A36210600C4B270 /* Debug */,
				336ACCAD2A36210600C4B270 /* Release */,
			);
			defaultConfigurationIsVisible = 0;
			defaultConfigurationName = Release;
		};
		336ACCAE2A36210600C4B270 /* Build configuration list for PBXNativeTarget "UserAppTests" */ = {
			isa = XCConfigurationList;
			buildConfigurations = (
				336ACCAF2A36210600C4B270 /* Debug */,
				336ACCB02A36210600C4B270 /* Release */,
			);
			defaultConfigurationIsVisible = 0;
			defaultConfigurationName = Release;
		};
		336ACCB12A36210600C4B270 /* Build configuration list for PBXNativeTarget "UserAppUITests" */ = {
			isa = XCConfigurationList;
			buildConfigurations = (
				336ACCB22A36210600C4B270 /* Debug */,
				336ACCB32A36210600C4B270 /* Release */,
			);
			defaultConfigurationIsVisible = 0;
			defaultConfigurationName = Release;
		};
/* End XCConfigurationList section */
	};
	rootObject = 336ACC792A36210500C4B270 /* Project object */;
}
